
Microsoft Visual Studio Solution File, Format Version 12.00
# Visual Studio 15
VisualStudioVersion = 15.0.27428.2015
MinimumVisualStudioVersion = 10.0.40219.1
Project("{FAE04EC0-301F-11D3-BF4B-00C04F79EFBC}") = "Fasetto.Word", "Fasetto.Word\Fasetto.Word.csproj", "{C220D327-4287-41A3-9607-19E82D27AF8F}"
EndProject
Global
	GlobalSection(SolutionConfigurationPlatforms) = preSolution
		Debug|Any CPU = Debug|Any CPU
		Release|Any CPU = Release|Any CPU
	EndGlobalSection
	GlobalSection(ProjectConfigurationPlatforms) = postSolution
		{C220D327-4287-41A3-9607-19E82D27AF8F}.Debug|Any CPU.ActiveCfg = Debug|Any CPU
		{C220D327-4287-41A3-9607-19E82D27AF8F}.Debug|Any CPU.Build.0 = Debug|Any CPU
		{C220D327-4287-41A3-9607-19E82D27AF8F}.Release|Any CPU.ActiveCfg = Release|Any CPU
		{C220D327-4287-41A3-9607-19E82D27AF8F}.Release|Any CPU.Build.0 = Release|Any CPU
	EndGlobalSection
	GlobalSection(SolutionProperties) = preSolution
		HideSolutionNode = FALSE
	EndGlobalSection
	GlobalSection(ExtensibilityGlobals) = postSolution
		SolutionGuid = {83713960-D604-42CA-89BB-4B80153789CF}
	EndGlobalSection
EndGlobal
